
Microsoft Visual Studio Solution File, Format Version 12.00
# Visual Studio 15
VisualStudioVersion = 15.0.26403.3
MinimumVisualStudioVersion = 10.0.40219.1
Project("{FAE04EC0-301F-11D3-BF4B-00C04F79EFBC}") = "DDI.Shared", "DDI.Shared\DDI.Shared.csproj", "{997B56F7-612D-43D5-90BD-89F264D4C58D}"
EndProject
Project("{FAE04EC0-301F-11D3-BF4B-00C04F79EFBC}") = "DDI.Shared.Test", "DDI.Shared.Test\DDI.Shared.Test.csproj", "{FACC3600-680B-4D29-89A4-58915BCDFEB2}"
EndProject
Project("{FAE04EC0-301F-11D3-BF4B-00C04F79EFBC}") = "DDI.Data.Tests", "DDI.Data.Tests\DDI.Data.Tests.csproj", "{7C0757FD-E631-43F6-A103-7E67888964E5}"
EndProject
Project("{FAE04EC0-301F-11D3-BF4B-00C04F79EFBC}") = "DDI.Data", "DDI.Data\DDI.Data.csproj", "{7DD8C5F7-4F2D-4D54-B8B0-B4D136007663}"
EndProject
Project("{FAE04EC0-301F-11D3-BF4B-00C04F79EFBC}") = "DDI.WebApi", "DDI.WebApi\DDI.WebApi.csproj", "{7C76AAF9-FAD1-40A6-8140-D33229A9B942}"
EndProject
Project("{FAE04EC0-301F-11D3-BF4B-00C04F79EFBC}") = "DDI.WebApi.Tests", "DDI.WebApi.Tests\DDI.WebApi.Tests.csproj", "{3A8F5C47-BA24-45FC-9024-351BB0710E8F}"
EndProject
Project("{FAE04EC0-301F-11D3-BF4B-00C04F79EFBC}") = "DDI.UI.Web", "DDI.UI.Web\DDI.UI.Web.csproj", "{77317F25-549B-409F-A460-86E38B058BDD}"
EndProject
Project("{FAE04EC0-301F-11D3-BF4B-00C04F79EFBC}") = "DDI.Business", "DDI.Business\DDI.Business.csproj", "{0E7D7E11-80B4-4751-8C21-B05A08A19473}"
EndProject
Project("{FAE04EC0-301F-11D3-BF4B-00C04F79EFBC}") = "DDI.Business.Tests", "DDI.Business.Tests\DDI.Business.Tests.csproj", "{0F346E1C-7AA5-4C4E-8181-3BF2534CDC0B}"
EndProject
Project("{FAE04EC0-301F-11D3-BF4B-00C04F79EFBC}") = "DDI.Services", "Services\DDI.Services.csproj", "{23BFE6F8-F3EA-4BE6-A193-CA70F9452943}"
EndProject
Project("{FAE04EC0-301F-11D3-BF4B-00C04F79EFBC}") = "DDI.Services.Test", "DDI.Services.Test\DDI.Services.Test.csproj", "{27671E1D-CD33-4DD8-8201-D64592DAC560}"
EndProject
Project("{FAE04EC0-301F-11D3-BF4B-00C04F79EFBC}") = "DDI.Conversion", "DDI.Conversion\DDI.Conversion.csproj", "{F08E542B-5CB5-478F-8247-B01C42A84E24}"
	ProjectSection(ProjectDependencies) = postProject
		{0E7D7E11-80B4-4751-8C21-B05A08A19473} = {0E7D7E11-80B4-4751-8C21-B05A08A19473}
	EndProjectSection
EndProject
Project("{FAE04EC0-301F-11D3-BF4B-00C04F79EFBC}") = "DDI.Search", "DDI.Search\DDI.Search.csproj", "{9CB38EBA-C2BB-4153-B47D-73CEE54BB92F}"
EndProject
Project("{FAE04EC0-301F-11D3-BF4B-00C04F79EFBC}") = "DDI.Search.Tests", "DDI.Search.Tests\DDI.Search.Tests.csproj", "{A1434224-8AFE-4C10-8662-F4F36BE8B3CE}"
EndProject
Project("{FAE04EC0-301F-11D3-BF4B-00C04F79EFBC}") = "DDI.Logger", "DDI.Logger\DDI.Logger.csproj", "{F31674BF-F62C-4753-AED2-9BA3C2160577}"
EndProject
Project("{FAE04EC0-301F-11D3-BF4B-00C04F79EFBC}") = "DDI.EFAudit", "DDI.EFAudit\DDI.EFAudit.csproj", "{7C3B147F-FD3E-4CA9-B405-AF4D249BF5A5}"
EndProject
Global
	GlobalSection(SolutionConfigurationPlatforms) = preSolution
		Debug|Any CPU = Debug|Any CPU
		Dev|Any CPU = Dev|Any CPU
		Release|Any CPU = Release|Any CPU
	EndGlobalSection
	GlobalSection(ProjectConfigurationPlatforms) = postSolution
		{997B56F7-612D-43D5-90BD-89F264D4C58D}.Debug|Any CPU.ActiveCfg = Debug|Any CPU
		{997B56F7-612D-43D5-90BD-89F264D4C58D}.Debug|Any CPU.Build.0 = Debug|Any CPU
		{997B56F7-612D-43D5-90BD-89F264D4C58D}.Dev|Any CPU.ActiveCfg = Dev|Any CPU
		{997B56F7-612D-43D5-90BD-89F264D4C58D}.Dev|Any CPU.Build.0 = Dev|Any CPU
		{997B56F7-612D-43D5-90BD-89F264D4C58D}.Release|Any CPU.ActiveCfg = Release|Any CPU
		{997B56F7-612D-43D5-90BD-89F264D4C58D}.Release|Any CPU.Build.0 = Release|Any CPU
		{FACC3600-680B-4D29-89A4-58915BCDFEB2}.Debug|Any CPU.ActiveCfg = Debug|Any CPU
		{FACC3600-680B-4D29-89A4-58915BCDFEB2}.Debug|Any CPU.Build.0 = Debug|Any CPU
		{FACC3600-680B-4D29-89A4-58915BCDFEB2}.Dev|Any CPU.ActiveCfg = Dev|Any CPU
		{FACC3600-680B-4D29-89A4-58915BCDFEB2}.Dev|Any CPU.Build.0 = Dev|Any CPU
		{FACC3600-680B-4D29-89A4-58915BCDFEB2}.Release|Any CPU.ActiveCfg = Release|Any CPU
		{FACC3600-680B-4D29-89A4-58915BCDFEB2}.Release|Any CPU.Build.0 = Release|Any CPU
		{7C0757FD-E631-43F6-A103-7E67888964E5}.Debug|Any CPU.ActiveCfg = Debug|Any CPU
		{7C0757FD-E631-43F6-A103-7E67888964E5}.Debug|Any CPU.Build.0 = Debug|Any CPU
		{7C0757FD-E631-43F6-A103-7E67888964E5}.Dev|Any CPU.ActiveCfg = Dev|Any CPU
		{7C0757FD-E631-43F6-A103-7E67888964E5}.Dev|Any CPU.Build.0 = Dev|Any CPU
		{7C0757FD-E631-43F6-A103-7E67888964E5}.Release|Any CPU.ActiveCfg = Release|Any CPU
		{7C0757FD-E631-43F6-A103-7E67888964E5}.Release|Any CPU.Build.0 = Release|Any CPU
		{7DD8C5F7-4F2D-4D54-B8B0-B4D136007663}.Debug|Any CPU.ActiveCfg = Debug|Any CPU
		{7DD8C5F7-4F2D-4D54-B8B0-B4D136007663}.Debug|Any CPU.Build.0 = Debug|Any CPU
		{7DD8C5F7-4F2D-4D54-B8B0-B4D136007663}.Dev|Any CPU.ActiveCfg = Dev|Any CPU
		{7DD8C5F7-4F2D-4D54-B8B0-B4D136007663}.Dev|Any CPU.Build.0 = Dev|Any CPU
		{7DD8C5F7-4F2D-4D54-B8B0-B4D136007663}.Release|Any CPU.ActiveCfg = Release|Any CPU
		{7DD8C5F7-4F2D-4D54-B8B0-B4D136007663}.Release|Any CPU.Build.0 = Release|Any CPU
		{7C76AAF9-FAD1-40A6-8140-D33229A9B942}.Debug|Any CPU.ActiveCfg = Debug|Any CPU
		{7C76AAF9-FAD1-40A6-8140-D33229A9B942}.Debug|Any CPU.Build.0 = Debug|Any CPU
		{7C76AAF9-FAD1-40A6-8140-D33229A9B942}.Dev|Any CPU.ActiveCfg = Dev|Any CPU
		{7C76AAF9-FAD1-40A6-8140-D33229A9B942}.Dev|Any CPU.Build.0 = Dev|Any CPU
		{7C76AAF9-FAD1-40A6-8140-D33229A9B942}.Release|Any CPU.ActiveCfg = Release|Any CPU
		{7C76AAF9-FAD1-40A6-8140-D33229A9B942}.Release|Any CPU.Build.0 = Release|Any CPU
		{3A8F5C47-BA24-45FC-9024-351BB0710E8F}.Debug|Any CPU.ActiveCfg = Debug|Any CPU
		{3A8F5C47-BA24-45FC-9024-351BB0710E8F}.Debug|Any CPU.Build.0 = Debug|Any CPU
		{3A8F5C47-BA24-45FC-9024-351BB0710E8F}.Dev|Any CPU.ActiveCfg = Dev|Any CPU
		{3A8F5C47-BA24-45FC-9024-351BB0710E8F}.Dev|Any CPU.Build.0 = Dev|Any CPU
		{3A8F5C47-BA24-45FC-9024-351BB0710E8F}.Release|Any CPU.ActiveCfg = Release|Any CPU
		{3A8F5C47-BA24-45FC-9024-351BB0710E8F}.Release|Any CPU.Build.0 = Release|Any CPU
		{77317F25-549B-409F-A460-86E38B058BDD}.Debug|Any CPU.ActiveCfg = Debug|Any CPU
		{77317F25-549B-409F-A460-86E38B058BDD}.Debug|Any CPU.Build.0 = Debug|Any CPU
		{77317F25-549B-409F-A460-86E38B058BDD}.Dev|Any CPU.ActiveCfg = Dev|Any CPU
		{77317F25-549B-409F-A460-86E38B058BDD}.Dev|Any CPU.Build.0 = Dev|Any CPU
		{77317F25-549B-409F-A460-86E38B058BDD}.Release|Any CPU.ActiveCfg = Release|Any CPU
		{77317F25-549B-409F-A460-86E38B058BDD}.Release|Any CPU.Build.0 = Release|Any CPU
		{0E7D7E11-80B4-4751-8C21-B05A08A19473}.Debug|Any CPU.ActiveCfg = Debug|Any CPU
		{0E7D7E11-80B4-4751-8C21-B05A08A19473}.Debug|Any CPU.Build.0 = Debug|Any CPU
		{0E7D7E11-80B4-4751-8C21-B05A08A19473}.Dev|Any CPU.ActiveCfg = Dev|Any CPU
		{0E7D7E11-80B4-4751-8C21-B05A08A19473}.Dev|Any CPU.Build.0 = Dev|Any CPU
		{0E7D7E11-80B4-4751-8C21-B05A08A19473}.Release|Any CPU.ActiveCfg = Release|Any CPU
		{0E7D7E11-80B4-4751-8C21-B05A08A19473}.Release|Any CPU.Build.0 = Release|Any CPU
		{0F346E1C-7AA5-4C4E-8181-3BF2534CDC0B}.Debug|Any CPU.ActiveCfg = Debug|Any CPU
		{0F346E1C-7AA5-4C4E-8181-3BF2534CDC0B}.Debug|Any CPU.Build.0 = Debug|Any CPU
		{0F346E1C-7AA5-4C4E-8181-3BF2534CDC0B}.Dev|Any CPU.ActiveCfg = Dev|Any CPU
		{0F346E1C-7AA5-4C4E-8181-3BF2534CDC0B}.Dev|Any CPU.Build.0 = Dev|Any CPU
		{0F346E1C-7AA5-4C4E-8181-3BF2534CDC0B}.Release|Any CPU.ActiveCfg = Release|Any CPU
		{0F346E1C-7AA5-4C4E-8181-3BF2534CDC0B}.Release|Any CPU.Build.0 = Release|Any CPU
		{23BFE6F8-F3EA-4BE6-A193-CA70F9452943}.Debug|Any CPU.ActiveCfg = Debug|Any CPU
		{23BFE6F8-F3EA-4BE6-A193-CA70F9452943}.Debug|Any CPU.Build.0 = Debug|Any CPU
		{23BFE6F8-F3EA-4BE6-A193-CA70F9452943}.Dev|Any CPU.ActiveCfg = Dev|Any CPU
		{23BFE6F8-F3EA-4BE6-A193-CA70F9452943}.Dev|Any CPU.Build.0 = Dev|Any CPU
		{23BFE6F8-F3EA-4BE6-A193-CA70F9452943}.Release|Any CPU.ActiveCfg = Release|Any CPU
		{23BFE6F8-F3EA-4BE6-A193-CA70F9452943}.Release|Any CPU.Build.0 = Release|Any CPU
		{27671E1D-CD33-4DD8-8201-D64592DAC560}.Debug|Any CPU.ActiveCfg = Debug|Any CPU
		{27671E1D-CD33-4DD8-8201-D64592DAC560}.Debug|Any CPU.Build.0 = Debug|Any CPU
		{27671E1D-CD33-4DD8-8201-D64592DAC560}.Dev|Any CPU.ActiveCfg = Dev|Any CPU
		{27671E1D-CD33-4DD8-8201-D64592DAC560}.Dev|Any CPU.Build.0 = Dev|Any CPU
		{27671E1D-CD33-4DD8-8201-D64592DAC560}.Release|Any CPU.ActiveCfg = Release|Any CPU
		{27671E1D-CD33-4DD8-8201-D64592DAC560}.Release|Any CPU.Build.0 = Release|Any CPU
		{F08E542B-5CB5-478F-8247-B01C42A84E24}.Debug|Any CPU.ActiveCfg = Debug|Any CPU
		{F08E542B-5CB5-478F-8247-B01C42A84E24}.Debug|Any CPU.Build.0 = Debug|Any CPU
		{F08E542B-5CB5-478F-8247-B01C42A84E24}.Dev|Any CPU.ActiveCfg = Dev|Any CPU
		{F08E542B-5CB5-478F-8247-B01C42A84E24}.Dev|Any CPU.Build.0 = Dev|Any CPU
		{F08E542B-5CB5-478F-8247-B01C42A84E24}.Release|Any CPU.ActiveCfg = Release|Any CPU
		{F08E542B-5CB5-478F-8247-B01C42A84E24}.Release|Any CPU.Build.0 = Release|Any CPU
		{9CB38EBA-C2BB-4153-B47D-73CEE54BB92F}.Debug|Any CPU.ActiveCfg = Debug|Any CPU
		{9CB38EBA-C2BB-4153-B47D-73CEE54BB92F}.Debug|Any CPU.Build.0 = Debug|Any CPU
		{9CB38EBA-C2BB-4153-B47D-73CEE54BB92F}.Dev|Any CPU.ActiveCfg = Dev|Any CPU
		{9CB38EBA-C2BB-4153-B47D-73CEE54BB92F}.Dev|Any CPU.Build.0 = Dev|Any CPU
		{9CB38EBA-C2BB-4153-B47D-73CEE54BB92F}.Release|Any CPU.ActiveCfg = Release|Any CPU
		{9CB38EBA-C2BB-4153-B47D-73CEE54BB92F}.Release|Any CPU.Build.0 = Release|Any CPU
		{A1434224-8AFE-4C10-8662-F4F36BE8B3CE}.Debug|Any CPU.ActiveCfg = Debug|Any CPU
		{A1434224-8AFE-4C10-8662-F4F36BE8B3CE}.Debug|Any CPU.Build.0 = Debug|Any CPU
		{A1434224-8AFE-4C10-8662-F4F36BE8B3CE}.Dev|Any CPU.ActiveCfg = Dev|Any CPU
		{A1434224-8AFE-4C10-8662-F4F36BE8B3CE}.Dev|Any CPU.Build.0 = Dev|Any CPU
		{A1434224-8AFE-4C10-8662-F4F36BE8B3CE}.Release|Any CPU.ActiveCfg = Release|Any CPU
		{A1434224-8AFE-4C10-8662-F4F36BE8B3CE}.Release|Any CPU.Build.0 = Release|Any CPU
		{F31674BF-F62C-4753-AED2-9BA3C2160577}.Debug|Any CPU.ActiveCfg = Debug|Any CPU
		{F31674BF-F62C-4753-AED2-9BA3C2160577}.Debug|Any CPU.Build.0 = Debug|Any CPU
		{F31674BF-F62C-4753-AED2-9BA3C2160577}.Dev|Any CPU.ActiveCfg = Dev|Any CPU
		{F31674BF-F62C-4753-AED2-9BA3C2160577}.Dev|Any CPU.Build.0 = Dev|Any CPU
		{F31674BF-F62C-4753-AED2-9BA3C2160577}.Release|Any CPU.ActiveCfg = Release|Any CPU
		{F31674BF-F62C-4753-AED2-9BA3C2160577}.Release|Any CPU.Build.0 = Release|Any CPU
		{7C3B147F-FD3E-4CA9-B405-AF4D249BF5A5}.Debug|Any CPU.ActiveCfg = Debug|Any CPU
		{7C3B147F-FD3E-4CA9-B405-AF4D249BF5A5}.Debug|Any CPU.Build.0 = Debug|Any CPU
		{7C3B147F-FD3E-4CA9-B405-AF4D249BF5A5}.Dev|Any CPU.ActiveCfg = Dev|Any CPU
		{7C3B147F-FD3E-4CA9-B405-AF4D249BF5A5}.Dev|Any CPU.Build.0 = Dev|Any CPU
		{7C3B147F-FD3E-4CA9-B405-AF4D249BF5A5}.Release|Any CPU.ActiveCfg = Release|Any CPU
		{7C3B147F-FD3E-4CA9-B405-AF4D249BF5A5}.Release|Any CPU.Build.0 = Release|Any CPU
	EndGlobalSection
	GlobalSection(SolutionProperties) = preSolution
		HideSolutionNode = FALSE
	EndGlobalSection
EndGlobal
